{
  "name": "universal-cpu-load",
  "version": "1.0.0",
  "lockfileVersion": 1,
  "requires": true,
  "dependencies": {
    "windows-cpu": {
      "version": "0.1.4",
      "resolved": "https://registry.npmjs.org/windows-cpu/-/windows-cpu-0.1.4.tgz",
      "integrity": "sha1-SYNdCJTKAxG6aPPRe1EA15FgDUs="
    }
  }
}
